
Microsoft Visual Studio Solution File, Format Version 12.00
# Visual Studio 15
VisualStudioVersion = 15.0.27703.2026
MinimumVisualStudioVersion = 10.0.40219.1
Project("{FAE04EC0-301F-11D3-BF4B-00C04F79EFBC}") = "F1app.Android", "F1app\F1app.Android\F1app.Android.csproj", "{9637B025-E405-4B18-9089-F7C12C28B859}"
EndProject
Project("{FAE04EC0-301F-11D3-BF4B-00C04F79EFBC}") = "F1app.iOS", "F1app\F1app.iOS\F1app.iOS.csproj", "{CB94A863-4ECC-45C7-888B-B56CF033E9E8}"
EndProject
Project("{FAE04EC0-301F-11D3-BF4B-00C04F79EFBC}") = "F1app", "F1app\F1app\F1app.csproj", "{39E18B6E-6CED-4AA0-84D1-51A2E8210BB5}"
EndProject
Global
	GlobalSection(SolutionConfigurationPlatforms) = preSolution
		Ad-Hoc|Any CPU = Ad-Hoc|Any CPU
		Ad-Hoc|iPhone = Ad-Hoc|iPhone
		Ad-Hoc|iPhoneSimulator = Ad-Hoc|iPhoneSimulator
		AppStore|Any CPU = AppStore|Any CPU
		AppStore|iPhone = AppStore|iPhone
		AppStore|iPhoneSimulator = AppStore|iPhoneSimulator
		Debug|Any CPU = Debug|Any CPU
		Debug|iPhone = Debug|iPhone
		Debug|iPhoneSimulator = Debug|iPhoneSimulator
		Release|Any CPU = Release|Any CPU
		Release|iPhone = Release|iPhone
		Release|iPhoneSimulator = Release|iPhoneSimulator
	EndGlobalSection
	GlobalSection(ProjectConfigurationPlatforms) = postSolution
		{9637B025-E405-4B18-9089-F7C12C28B859}.Ad-Hoc|Any CPU.ActiveCfg = Release|Any CPU
		{9637B025-E405-4B18-9089-F7C12C28B859}.Ad-Hoc|Any CPU.Build.0 = Release|Any CPU
		{9637B025-E405-4B18-9089-F7C12C28B859}.Ad-Hoc|Any CPU.Deploy.0 = Release|Any CPU
		{9637B025-E405-4B18-9089-F7C12C28B859}.Ad-Hoc|iPhone.ActiveCfg = Release|Any CPU
		{9637B025-E405-4B18-9089-F7C12C28B859}.Ad-Hoc|iPhone.Build.0 = Release|Any CPU
		{9637B025-E405-4B18-9089-F7C12C28B859}.Ad-Hoc|iPhone.Deploy.0 = Release|Any CPU
		{9637B025-E405-4B18-9089-F7C12C28B859}.Ad-Hoc|iPhoneSimulator.ActiveCfg = Release|Any CPU
		{9637B025-E405-4B18-9089-F7C12C28B859}.Ad-Hoc|iPhoneSimulator.Build.0 = Release|Any CPU
		{9637B025-E405-4B18-9089-F7C12C28B859}.Ad-Hoc|iPhoneSimulator.Deploy.0 = Release|Any CPU
		{9637B025-E405-4B18-9089-F7C12C28B859}.AppStore|Any CPU.ActiveCfg = Release|Any CPU
		{9637B025-E405-4B18-9089-F7C12C28B859}.AppStore|Any CPU.Build.0 = Release|Any CPU
		{9637B025-E405-4B18-9089-F7C12C28B859}.AppStore|Any CPU.Deploy.0 = Release|Any CPU
		{9637B025-E405-4B18-9089-F7C12C28B859}.AppStore|iPhone.ActiveCfg = Release|Any CPU
		{9637B025-E405-4B18-9089-F7C12C28B859}.AppStore|iPhone.Build.0 = Release|Any CPU
		{9637B025-E405-4B18-9089-F7C12C28B859}.AppStore|iPhone.Deploy.0 = Release|Any CPU
		{9637B025-E405-4B18-9089-F7C12C28B859}.AppStore|iPhoneSimulator.ActiveCfg = Release|Any CPU
		{9637B025-E405-4B18-9089-F7C12C28B859}.AppStore|iPhoneSimulator.Build.0 = Release|Any CPU
		{9637B025-E405-4B18-9089-F7C12C28B859}.AppStore|iPhoneSimulator.Deploy.0 = Release|Any CPU
		{9637B025-E405-4B18-9089-F7C12C28B859}.Debug|Any CPU.ActiveCfg = Debug|Any CPU
		{9637B025-E405-4B18-9089-F7C12C28B859}.Debug|Any CPU.Build.0 = Debug|Any CPU
		{9637B025-E405-4B18-9089-F7C12C28B859}.Debug|Any CPU.Deploy.0 = Debug|Any CPU
		{9637B025-E405-4B18-9089-F7C12C28B859}.Debug|iPhone.ActiveCfg = Debug|Any CPU
		{9637B025-E405-4B18-9089-F7C12C28B859}.Debug|iPhone.Build.0 = Debug|Any CPU
		{9637B025-E405-4B18-9089-F7C12C28B859}.Debug|iPhone.Deploy.0 = Debug|Any CPU
		{9637B025-E405-4B18-9089-F7C12C28B859}.Debug|iPhoneSimulator.ActiveCfg = Debug|Any CPU
		{9637B025-E405-4B18-9089-F7C12C28B859}.Debug|iPhoneSimulator.Build.0 = Debug|Any CPU
		{9637B025-E405-4B18-9089-F7C12C28B859}.Debug|iPhoneSimulator.Deploy.0 = Debug|Any CPU
		{9637B025-E405-4B18-9089-F7C12C28B859}.Release|Any CPU.ActiveCfg = Release|Any CPU
		{9637B025-E405-4B18-9089-F7C12C28B859}.Release|Any CPU.Build.0 = Release|Any CPU
		{9637B025-E405-4B18-9089-F7C12C28B859}.Release|Any CPU.Deploy.0 = Release|Any CPU
		{9637B025-E405-4B18-9089-F7C12C28B859}.Release|iPhone.ActiveCfg = Release|Any CPU
		{9637B025-E405-4B18-9089-F7C12C28B859}.Release|iPhone.Build.0 = Release|Any CPU
		{9637B025-E405-4B18-9089-F7C12C28B859}.Release|iPhone.Deploy.0 = Release|Any CPU
		{9637B025-E405-4B18-9089-F7C12C28B859}.Release|iPhoneSimulator.ActiveCfg = Release|Any CPU
		{9637B025-E405-4B18-9089-F7C12C28B859}.Release|iPhoneSimulator.Build.0 = Release|Any CPU
		{9637B025-E405-4B18-9089-F7C12C28B859}.Release|iPhoneSimulator.Deploy.0 = Release|Any CPU
		{CB94A863-4ECC-45C7-888B-B56CF033E9E8}.Ad-Hoc|Any CPU.ActiveCfg = Ad-Hoc|iPhone
		{CB94A863-4ECC-45C7-888B-B56CF033E9E8}.Ad-Hoc|Any CPU.Build.0 = Ad-Hoc|iPhone
		{CB94A863-4ECC-45C7-888B-B56CF033E9E8}.Ad-Hoc|Any CPU.Deploy.0 = Ad-Hoc|iPhone
		{CB94A863-4ECC-45C7-888B-B56CF033E9E8}.Ad-Hoc|iPhone.ActiveCfg = Ad-Hoc|iPhone
		{CB94A863-4ECC-45C7-888B-B56CF033E9E8}.Ad-Hoc|iPhone.Build.0 = Ad-Hoc|iPhone
		{CB94A863-4ECC-45C7-888B-B56CF033E9E8}.Ad-Hoc|iPhone.Deploy.0 = Ad-Hoc|iPhone
		{CB94A863-4ECC-45C7-888B-B56CF033E9E8}.Ad-Hoc|iPhoneSimulator.ActiveCfg = Ad-Hoc|iPhoneSimulator
		{CB94A863-4ECC-45C7-888B-B56CF033E9E8}.Ad-Hoc|iPhoneSimulator.Build.0 = Ad-Hoc|iPhoneSimulator
		{CB94A863-4ECC-45C7-888B-B56CF033E9E8}.Ad-Hoc|iPhoneSimulator.Deploy.0 = Ad-Hoc|iPhoneSimulator
		{CB94A863-4ECC-45C7-888B-B56CF033E9E8}.AppStore|Any CPU.ActiveCfg = AppStore|iPhone
		{CB94A863-4ECC-45C7-888B-B56CF033E9E8}.AppStore|Any CPU.Build.0 = AppStore|iPhone
		{CB94A863-4ECC-45C7-888B-B56CF033E9E8}.AppStore|Any CPU.Deploy.0 = AppStore|iPhone
		{CB94A863-4ECC-45C7-888B-B56CF033E9E8}.AppStore|iPhone.ActiveCfg = AppStore|iPhone
		{CB94A863-4ECC-45C7-888B-B56CF033E9E8}.AppStore|iPhone.Build.0 = AppStore|iPhone
		{CB94A863-4ECC-45C7-888B-B56CF033E9E8}.AppStore|iPhone.Deploy.0 = AppStore|iPhone
		{CB94A863-4ECC-45C7-888B-B56CF033E9E8}.AppStore|iPhoneSimulator.ActiveCfg = AppStore|iPhoneSimulator
		{CB94A863-4ECC-45C7-888B-B56CF033E9E8}.AppStore|iPhoneSimulator.Build.0 = AppStore|iPhoneSimulator
		{CB94A863-4ECC-45C7-888B-B56CF033E9E8}.AppStore|iPhoneSimulator.Deploy.0 = AppStore|iPhoneSimulator
		{CB94A863-4ECC-45C7-888B-B56CF033E9E8}.Debug|Any CPU.ActiveCfg = Debug|iPhoneSimulator
		{CB94A863-4ECC-45C7-888B-B56CF033E9E8}.Debug|Any CPU.Build.0 = Debug|iPhoneSimulator
		{CB94A863-4ECC-45C7-888B-B56CF033E9E8}.Debug|Any CPU.Deploy.0 = Debug|iPhoneSimulator
		{CB94A863-4ECC-45C7-888B-B56CF033E9E8}.Debug|iPhone.ActiveCfg = Debug|iPhone
		{CB94A863-4ECC-45C7-888B-B56CF033E9E8}.Debug|iPhone.Build.0 = Debug|iPhone
		{CB94A863-4ECC-45C7-888B-B56CF033E9E8}.Debug|iPhone.Deploy.0 = Debug|iPhone
		{CB94A863-4ECC-45C7-888B-B56CF033E9E8}.Debug|iPhoneSimulator.ActiveCfg = Debug|iPhoneSimulator
		{CB94A863-4ECC-45C7-888B-B56CF033E9E8}.Debug|iPhoneSimulator.Build.0 = Debug|iPhoneSimulator
		{CB94A863-4ECC-45C7-888B-B56CF033E9E8}.Debug|iPhoneSimulator.Deploy.0 = Debug|iPhoneSimulator
		{CB94A863-4ECC-45C7-888B-B56CF033E9E8}.Release|Any CPU.ActiveCfg = Release|iPhone
		{CB94A863-4ECC-45C7-888B-B56CF033E9E8}.Release|Any CPU.Build.0 = Release|iPhone
		{CB94A863-4ECC-45C7-888B-B56CF033E9E8}.Release|Any CPU.Deploy.0 = Release|iPhone
		{CB94A863-4ECC-45C7-888B-B56CF033E9E8}.Release|iPhone.ActiveCfg = Release|iPhone
		{CB94A863-4ECC-45C7-888B-B56CF033E9E8}.Release|iPhone.Build.0 = Release|iPhone
		{CB94A863-4ECC-45C7-888B-B56CF033E9E8}.Release|iPhone.Deploy.0 = Release|iPhone
		{CB94A863-4ECC-45C7-888B-B56CF033E9E8}.Release|iPhoneSimulator.ActiveCfg = Release|iPhoneSimulator
		{CB94A863-4ECC-45C7-888B-B56CF033E9E8}.Release|iPhoneSimulator.Build.0 = Release|iPhoneSimulator
		{CB94A863-4ECC-45C7-888B-B56CF033E9E8}.Release|iPhoneSimulator.Deploy.0 = Release|iPhoneSimulator
		{39E18B6E-6CED-4AA0-84D1-51A2E8210BB5}.Ad-Hoc|Any CPU.ActiveCfg = Debug|Any CPU
		{39E18B6E-6CED-4AA0-84D1-51A2E8210BB5}.Ad-Hoc|Any CPU.Build.0 = Debug|Any CPU
		{39E18B6E-6CED-4AA0-84D1-51A2E8210BB5}.Ad-Hoc|Any CPU.Deploy.0 = Debug|Any CPU
		{39E18B6E-6CED-4AA0-84D1-51A2E8210BB5}.Ad-Hoc|iPhone.ActiveCfg = Debug|Any CPU
		{39E18B6E-6CED-4AA0-84D1-51A2E8210BB5}.Ad-Hoc|iPhone.Build.0 = Debug|Any CPU
		{39E18B6E-6CED-4AA0-84D1-51A2E8210BB5}.Ad-Hoc|iPhone.Deploy.0 = Debug|Any CPU
		{39E18B6E-6CED-4AA0-84D1-51A2E8210BB5}.Ad-Hoc|iPhoneSimulator.ActiveCfg = Debug|Any CPU
		{39E18B6E-6CED-4AA0-84D1-51A2E8210BB5}.Ad-Hoc|iPhoneSimulator.Build.0 = Debug|Any CPU
		{39E18B6E-6CED-4AA0-84D1-51A2E8210BB5}.Ad-Hoc|iPhoneSimulator.Deploy.0 = Debug|Any CPU
		{39E18B6E-6CED-4AA0-84D1-51A2E8210BB5}.AppStore|Any CPU.ActiveCfg = Debug|Any CPU
		{39E18B6E-6CED-4AA0-84D1-51A2E8210BB5}.AppStore|Any CPU.Build.0 = Debug|Any CPU
		{39E18B6E-6CED-4AA0-84D1-51A2E8210BB5}.AppStore|Any CPU.Deploy.0 = Debug|Any CPU
		{39E18B6E-6CED-4AA0-84D1-51A2E8210BB5}.AppStore|iPhone.ActiveCfg = Debug|Any CPU
		{39E18B6E-6CED-4AA0-84D1-51A2E8210BB5}.AppStore|iPhone.Build.0 = Debug|Any CPU
		{39E18B6E-6CED-4AA0-84D1-51A2E8210BB5}.AppStore|iPhone.Deploy.0 = Debug|Any CPU
		{39E18B6E-6CED-4AA0-84D1-51A2E8210BB5}.AppStore|iPhoneSimulator.ActiveCfg = Debug|Any CPU
		{39E18B6E-6CED-4AA0-84D1-51A2E8210BB5}.AppStore|iPhoneSimulator.Build.0 = Debug|Any CPU
		{39E18B6E-6CED-4AA0-84D1-51A2E8210BB5}.AppStore|iPhoneSimulator.Deploy.0 = Debug|Any CPU
		{39E18B6E-6CED-4AA0-84D1-51A2E8210BB5}.Debug|Any CPU.ActiveCfg = Debug|Any CPU
		{39E18B6E-6CED-4AA0-84D1-51A2E8210BB5}.Debug|Any CPU.Build.0 = Debug|Any CPU
		{39E18B6E-6CED-4AA0-84D1-51A2E8210BB5}.Debug|Any CPU.Deploy.0 = Debug|Any CPU
		{39E18B6E-6CED-4AA0-84D1-51A2E8210BB5}.Debug|iPhone.ActiveCfg = Debug|Any CPU
		{39E18B6E-6CED-4AA0-84D1-51A2E8210BB5}.Debug|iPhone.Build.0 = Debug|Any CPU
		{39E18B6E-6CED-4AA0-84D1-51A2E8210BB5}.Debug|iPhone.Deploy.0 = Debug|Any CPU
		{39E18B6E-6CED-4AA0-84D1-51A2E8210BB5}.Debug|iPhoneSimulator.ActiveCfg = Debug|Any CPU
		{39E18B6E-6CED-4AA0-84D1-51A2E8210BB5}.Debug|iPhoneSimulator.Build.0 = Debug|Any CPU
		{39E18B6E-6CED-4AA0-84D1-51A2E8210BB5}.Debug|iPhoneSimulator.Deploy.0 = Debug|Any CPU
		{39E18B6E-6CED-4AA0-84D1-51A2E8210BB5}.Release|Any CPU.ActiveCfg = Release|Any CPU
		{39E18B6E-6CED-4AA0-84D1-51A2E8210BB5}.Release|Any CPU.Build.0 = Release|Any CPU
		{39E18B6E-6CED-4AA0-84D1-51A2E8210BB5}.Release|Any CPU.Deploy.0 = Release|Any CPU
		{39E18B6E-6CED-4AA0-84D1-51A2E8210BB5}.Release|iPhone.ActiveCfg = Release|Any CPU
		{39E18B6E-6CED-4AA0-84D1-51A2E8210BB5}.Release|iPhone.Build.0 = Release|Any CPU
		{39E18B6E-6CED-4AA0-84D1-51A2E8210BB5}.Release|iPhone.Deploy.0 = Release|Any CPU
		{39E18B6E-6CED-4AA0-84D1-51A2E8210BB5}.Release|iPhoneSimulator.ActiveCfg = Release|Any CPU
		{39E18B6E-6CED-4AA0-84D1-51A2E8210BB5}.Release|iPhoneSimulator.Build.0 = Release|Any CPU
		{39E18B6E-6CED-4AA0-84D1-51A2E8210BB5}.Release|iPhoneSimulator.Deploy.0 = Release|Any CPU
	EndGlobalSection
	GlobalSection(SolutionProperties) = preSolution
		HideSolutionNode = FALSE
	EndGlobalSection
	GlobalSection(ExtensibilityGlobals) = postSolution
		SolutionGuid = {462EDE66-F8D1-4EB4-8FC4-C957B0EFF4B5}
	EndGlobalSection
EndGlobal
